
Microsoft Visual Studio Solution File, Format Version 12.00
# Visual Studio Version 17
VisualStudioVersion = 17.4.33122.133
MinimumVisualStudioVersion = 10.0.40219.1
Project("{2150E333-8FDC-42A3-9474-1A3956D46DE8}") = "Tools", "Tools", "{27471252-0969-4C83-8C98-7651AA9B01E8}"
EndProject
Project("{2150E333-8FDC-42A3-9474-1A3956D46DE8}") = "Scripts", "Scripts", "{AB7649C0-49E5-4A5B-9122-8CF4F9334719}"
	ProjectSection(SolutionItems) = preProject
		scripts\is_clean_up.sql = scripts\is_clean_up.sql
		orders_clean_up.sql = orders_clean_up.sql
		scripts\roles_claims_constraints_fix.sql = scripts\roles_claims_constraints_fix.sql
		scripts\users_clean_up.sql = scripts\users_clean_up.sql
	EndProjectSection
EndProject
Project("{2150E333-8FDC-42A3-9474-1A3956D46DE8}") = "Services", "Services", "{70E655CE-EC95-4586-9083-8FB5C2C02E36}"
EndProject
Project("{9A19103F-16F7-4668-BE54-9A1E7A4F7556}") = "OnlineStore.UserManagementService", "OnlineStore.UserManagementService\OnlineStore.UserManagementService.csproj", "{70275133-11A9-4B0E-90E4-78531E20F4AA}"
EndProject
Project("{2150E333-8FDC-42A3-9474-1A3956D46DE8}") = "Libs", "Libs", "{519164F5-AE78-4F3F-90C6-1101A944DEBF}"
EndProject
Project("{9A19103F-16F7-4668-BE54-9A1E7A4F7556}") = "OnlineStore.Library", "OnlineStore.Library\OnlineStore.Library.csproj", "{D4FD3BA5-3BAD-411C-886B-8417763CE8B5}"
EndProject
Project("{9A19103F-16F7-4668-BE54-9A1E7A4F7556}") = "OnlineStore.ConsoleTestApp", "ConsoleTestApp\OnlineStore.ConsoleTestApp.csproj", "{4213C9B4-F036-4D2F-A28C-766480C4ECB1}"
EndProject
Project("{9A19103F-16F7-4668-BE54-9A1E7A4F7556}") = "OnlineStore.ArticlesService", "OnlineStore.ArticleService\OnlineStore.ArticlesService.csproj", "{6E238489-EF80-4B02-9499-A5B7D15B5620}"
EndProject
Project("{9A19103F-16F7-4668-BE54-9A1E7A4F7556}") = "OnlineStore.OrdersService", "OnlineStore.OrdersService\OnlineStore.OrdersService.csproj", "{C8EA3E6D-908C-4BA2-861A-3B5A9CEA14CA}"
EndProject
Project("{2150E333-8FDC-42A3-9474-1A3956D46DE8}") = "Tests", "Tests", "{890121DD-630A-4378-973B-06D6EF7BECCF}"
EndProject
Project("{9A19103F-16F7-4668-BE54-9A1E7A4F7556}") = "OnlineStore.OrdersService.ApiTests", "OnlineStore.OrdersService.ApiTests\OnlineStore.OrdersService.ApiTests.csproj", "{CF6A90CF-09E4-4A0D-AC43-1FB0A490C2D8}"
EndProject
Project("{9A19103F-16F7-4668-BE54-9A1E7A4F7556}") = "OnlineStore.ArticlesService.ApiTests", "OnlineStore.ArticlesService.ApiTests\OnlineStore.ArticlesService.ApiTests.csproj", "{4D97FD5D-9B22-4C87-8476-1ADE7CFDBB18}"
EndProject
Project("{9A19103F-16F7-4668-BE54-9A1E7A4F7556}") = "OnlineStore.AspIdentityServer", "OnlineStore.AspIdentityServer\OnlineStore.AspIdentityServer.csproj", "{DFE5D0E8-90FE-4378-AE63-FC8D25701813}"
EndProject
Global
	GlobalSection(SolutionConfigurationPlatforms) = preSolution
		Debug|Any CPU = Debug|Any CPU
		Release|Any CPU = Release|Any CPU
	EndGlobalSection
	GlobalSection(ProjectConfigurationPlatforms) = postSolution
		{70275133-11A9-4B0E-90E4-78531E20F4AA}.Debug|Any CPU.ActiveCfg = Debug|Any CPU
		{70275133-11A9-4B0E-90E4-78531E20F4AA}.Debug|Any CPU.Build.0 = Debug|Any CPU
		{70275133-11A9-4B0E-90E4-78531E20F4AA}.Release|Any CPU.ActiveCfg = Release|Any CPU
		{70275133-11A9-4B0E-90E4-78531E20F4AA}.Release|Any CPU.Build.0 = Release|Any CPU
		{D4FD3BA5-3BAD-411C-886B-8417763CE8B5}.Debug|Any CPU.ActiveCfg = Debug|Any CPU
		{D4FD3BA5-3BAD-411C-886B-8417763CE8B5}.Debug|Any CPU.Build.0 = Debug|Any CPU
		{D4FD3BA5-3BAD-411C-886B-8417763CE8B5}.Release|Any CPU.ActiveCfg = Release|Any CPU
		{D4FD3BA5-3BAD-411C-886B-8417763CE8B5}.Release|Any CPU.Build.0 = Release|Any CPU
		{4213C9B4-F036-4D2F-A28C-766480C4ECB1}.Debug|Any CPU.ActiveCfg = Debug|Any CPU
		{4213C9B4-F036-4D2F-A28C-766480C4ECB1}.Debug|Any CPU.Build.0 = Debug|Any CPU
		{4213C9B4-F036-4D2F-A28C-766480C4ECB1}.Release|Any CPU.ActiveCfg = Release|Any CPU
		{4213C9B4-F036-4D2F-A28C-766480C4ECB1}.Release|Any CPU.Build.0 = Release|Any CPU
		{6E238489-EF80-4B02-9499-A5B7D15B5620}.Debug|Any CPU.ActiveCfg = Debug|Any CPU
		{6E238489-EF80-4B02-9499-A5B7D15B5620}.Debug|Any CPU.Build.0 = Debug|Any CPU
		{6E238489-EF80-4B02-9499-A5B7D15B5620}.Release|Any CPU.ActiveCfg = Release|Any CPU
		{6E238489-EF80-4B02-9499-A5B7D15B5620}.Release|Any CPU.Build.0 = Release|Any CPU
		{C8EA3E6D-908C-4BA2-861A-3B5A9CEA14CA}.Debug|Any CPU.ActiveCfg = Debug|Any CPU
		{C8EA3E6D-908C-4BA2-861A-3B5A9CEA14CA}.Debug|Any CPU.Build.0 = Debug|Any CPU
		{C8EA3E6D-908C-4BA2-861A-3B5A9CEA14CA}.Release|Any CPU.ActiveCfg = Release|Any CPU
		{C8EA3E6D-908C-4BA2-861A-3B5A9CEA14CA}.Release|Any CPU.Build.0 = Release|Any CPU
		{CF6A90CF-09E4-4A0D-AC43-1FB0A490C2D8}.Debug|Any CPU.ActiveCfg = Debug|Any CPU
		{CF6A90CF-09E4-4A0D-AC43-1FB0A490C2D8}.Debug|Any CPU.Build.0 = Debug|Any CPU
		{CF6A90CF-09E4-4A0D-AC43-1FB0A490C2D8}.Release|Any CPU.ActiveCfg = Release|Any CPU
		{CF6A90CF-09E4-4A0D-AC43-1FB0A490C2D8}.Release|Any CPU.Build.0 = Release|Any CPU
		{4D97FD5D-9B22-4C87-8476-1ADE7CFDBB18}.Debug|Any CPU.ActiveCfg = Debug|Any CPU
		{4D97FD5D-9B22-4C87-8476-1ADE7CFDBB18}.Debug|Any CPU.Build.0 = Debug|Any CPU
		{4D97FD5D-9B22-4C87-8476-1ADE7CFDBB18}.Release|Any CPU.ActiveCfg = Release|Any CPU
		{4D97FD5D-9B22-4C87-8476-1ADE7CFDBB18}.Release|Any CPU.Build.0 = Release|Any CPU
		{DFE5D0E8-90FE-4378-AE63-FC8D25701813}.Debug|Any CPU.ActiveCfg = Debug|Any CPU
		{DFE5D0E8-90FE-4378-AE63-FC8D25701813}.Debug|Any CPU.Build.0 = Debug|Any CPU
		{DFE5D0E8-90FE-4378-AE63-FC8D25701813}.Release|Any CPU.ActiveCfg = Release|Any CPU
		{DFE5D0E8-90FE-4378-AE63-FC8D25701813}.Release|Any CPU.Build.0 = Release|Any CPU
	EndGlobalSection
	GlobalSection(SolutionProperties) = preSolution
		HideSolutionNode = FALSE
	EndGlobalSection
	GlobalSection(NestedProjects) = preSolution
		{70275133-11A9-4B0E-90E4-78531E20F4AA} = {70E655CE-EC95-4586-9083-8FB5C2C02E36}
		{D4FD3BA5-3BAD-411C-886B-8417763CE8B5} = {519164F5-AE78-4F3F-90C6-1101A944DEBF}
		{4213C9B4-F036-4D2F-A28C-766480C4ECB1} = {27471252-0969-4C83-8C98-7651AA9B01E8}
		{6E238489-EF80-4B02-9499-A5B7D15B5620} = {70E655CE-EC95-4586-9083-8FB5C2C02E36}
		{C8EA3E6D-908C-4BA2-861A-3B5A9CEA14CA} = {70E655CE-EC95-4586-9083-8FB5C2C02E36}
		{CF6A90CF-09E4-4A0D-AC43-1FB0A490C2D8} = {890121DD-630A-4378-973B-06D6EF7BECCF}
		{4D97FD5D-9B22-4C87-8476-1ADE7CFDBB18} = {890121DD-630A-4378-973B-06D6EF7BECCF}
		{DFE5D0E8-90FE-4378-AE63-FC8D25701813} = {27471252-0969-4C83-8C98-7651AA9B01E8}
	EndGlobalSection
	GlobalSection(ExtensibilityGlobals) = postSolution
		SolutionGuid = {4B478045-E435-49C2-BC88-7C56D6001722}
	EndGlobalSection
EndGlobal
